
Microsoft Visual Studio Solution File, Format Version 12.00
# Visual Studio Version 17
VisualStudioVersion = 17.5.002.0
MinimumVisualStudioVersion = 10.0.40219.1
Project("{9A19103F-16F7-4668-BE54-9A1E7A4F7556}") = "Mini-Max_Sum", "Mini-Max_Sum.csproj", "{3D4D4AD0-E4EA-41F9-908D-8CDFD2741551}"
EndProject
Global
	GlobalSection(SolutionConfigurationPlatforms) = preSolution
		Debug|Any CPU = Debug|Any CPU
		Release|Any CPU = Release|Any CPU
	EndGlobalSection
	GlobalSection(ProjectConfigurationPlatforms) = postSolution
		{3D4D4AD0-E4EA-41F9-908D-8CDFD2741551}.Debug|Any CPU.ActiveCfg = Debug|Any CPU
		{3D4D4AD0-E4EA-41F9-908D-8CDFD2741551}.Debug|Any CPU.Build.0 = Debug|Any CPU
		{3D4D4AD0-E4EA-41F9-908D-8CDFD2741551}.Release|Any CPU.ActiveCfg = Release|Any CPU
		{3D4D4AD0-E4EA-41F9-908D-8CDFD2741551}.Release|Any CPU.Build.0 = Release|Any CPU
	EndGlobalSection
	GlobalSection(SolutionProperties) = preSolution
		HideSolutionNode = FALSE
	EndGlobalSection
	GlobalSection(ExtensibilityGlobals) = postSolution
		SolutionGuid = {D7E48EDF-4530-473C-ACF4-6CE2F2524C19}
	EndGlobalSection
EndGlobal
